
Microsoft Visual Studio Solution File, Format Version 12.00
# Visual Studio Express 2012 for Windows Desktop
Project("{8BC9CEB8-8B4A-11D0-8D11-00A0C91BC942}") = "DllNoExport", "DllNoExport\DllNoExport.vcxproj", "{A7855B64-6492-4A9C-97DE-6507E3E63C63}"
EndProject
Project("{8BC9CEB8-8B4A-11D0-8D11-00A0C91BC942}") = "DllWithExport", "DllWithExport\DllWithExport.vcxproj", "{3CFBB098-FC2A-407D-A8C8-80FE432DECCC}"
EndProject
Project("{8BC9CEB8-8B4A-11D0-8D11-00A0C91BC942}") = "MathFuncsDll", "MathFuncsDll\MathFuncsDll.vcxproj", "{13A19CA8-C017-4BC4-9CCC-06D4D7FDDBA6}"
EndProject
Project("{8BC9CEB8-8B4A-11D0-8D11-00A0C91BC942}") = "MyExecRefsDll", "MyExecRefsDll\MyExecRefsDll.vcxproj", "{698F21B3-3E0D-4BE4-BF50-642648C8B1E9}"
EndProject
Project("{8BC9CEB8-8B4A-11D0-8D11-00A0C91BC942}") = "SimpleDll", "SimpleDll\SimpleDll.vcxproj", "{57903F5E-59F8-4955-8B19-C1323D614114}"
EndProject
Project("{8BC9CEB8-8B4A-11D0-8D11-00A0C91BC942}") = "TestSimpleDll", "TestSimpleDll\TestSimpleDll.vcxproj", "{C1B99F0F-84EC-4B5B-8003-B89D7F964390}"
EndProject
Project("{8BC9CEB8-8B4A-11D0-8D11-00A0C91BC942}") = "SimpleDllC", "SimpleDllC\SimpleDllC.vcxproj", "{6E3203A4-8590-42C4-B25D-D2905F6C2E92}"
EndProject
Global
	GlobalSection(SolutionConfigurationPlatforms) = preSolution
		Debug|Mixed Platforms = Debug|Mixed Platforms
		Debug|Win32 = Debug|Win32
		Debug|x64 = Debug|x64
		Release|Mixed Platforms = Release|Mixed Platforms
		Release|Win32 = Release|Win32
		Release|x64 = Release|x64
	EndGlobalSection
	GlobalSection(ProjectConfigurationPlatforms) = postSolution
		{A7855B64-6492-4A9C-97DE-6507E3E63C63}.Debug|Mixed Platforms.ActiveCfg = Debug|Win32
		{A7855B64-6492-4A9C-97DE-6507E3E63C63}.Debug|Mixed Platforms.Build.0 = Debug|Win32
		{A7855B64-6492-4A9C-97DE-6507E3E63C63}.Debug|Win32.ActiveCfg = Debug|Win32
		{A7855B64-6492-4A9C-97DE-6507E3E63C63}.Debug|Win32.Build.0 = Debug|Win32
		{A7855B64-6492-4A9C-97DE-6507E3E63C63}.Debug|x64.ActiveCfg = Debug|x64
		{A7855B64-6492-4A9C-97DE-6507E3E63C63}.Debug|x64.Build.0 = Debug|x64
		{A7855B64-6492-4A9C-97DE-6507E3E63C63}.Release|Mixed Platforms.ActiveCfg = Release|Win32
		{A7855B64-6492-4A9C-97DE-6507E3E63C63}.Release|Mixed Platforms.Build.0 = Release|Win32
		{A7855B64-6492-4A9C-97DE-6507E3E63C63}.Release|Win32.ActiveCfg = Release|Win32
		{A7855B64-6492-4A9C-97DE-6507E3E63C63}.Release|Win32.Build.0 = Release|Win32
		{A7855B64-6492-4A9C-97DE-6507E3E63C63}.Release|x64.ActiveCfg = Release|x64
		{A7855B64-6492-4A9C-97DE-6507E3E63C63}.Release|x64.Build.0 = Release|x64
		{3CFBB098-FC2A-407D-A8C8-80FE432DECCC}.Debug|Mixed Platforms.ActiveCfg = Debug|Win32
		{3CFBB098-FC2A-407D-A8C8-80FE432DECCC}.Debug|Mixed Platforms.Build.0 = Debug|Win32
		{3CFBB098-FC2A-407D-A8C8-80FE432DECCC}.Debug|Win32.ActiveCfg = Debug|Win32
		{3CFBB098-FC2A-407D-A8C8-80FE432DECCC}.Debug|Win32.Build.0 = Debug|Win32
		{3CFBB098-FC2A-407D-A8C8-80FE432DECCC}.Debug|x64.ActiveCfg = Debug|x64
		{3CFBB098-FC2A-407D-A8C8-80FE432DECCC}.Debug|x64.Build.0 = Debug|x64
		{3CFBB098-FC2A-407D-A8C8-80FE432DECCC}.Release|Mixed Platforms.ActiveCfg = Release|Win32
		{3CFBB098-FC2A-407D-A8C8-80FE432DECCC}.Release|Mixed Platforms.Build.0 = Release|Win32
		{3CFBB098-FC2A-407D-A8C8-80FE432DECCC}.Release|Win32.ActiveCfg = Release|Win32
		{3CFBB098-FC2A-407D-A8C8-80FE432DECCC}.Release|Win32.Build.0 = Release|Win32
		{3CFBB098-FC2A-407D-A8C8-80FE432DECCC}.Release|x64.ActiveCfg = Release|x64
		{3CFBB098-FC2A-407D-A8C8-80FE432DECCC}.Release|x64.Build.0 = Release|x64
		{13A19CA8-C017-4BC4-9CCC-06D4D7FDDBA6}.Debug|Mixed Platforms.ActiveCfg = Debug|Win32
		{13A19CA8-C017-4BC4-9CCC-06D4D7FDDBA6}.Debug|Mixed Platforms.Build.0 = Debug|Win32
		{13A19CA8-C017-4BC4-9CCC-06D4D7FDDBA6}.Debug|Win32.ActiveCfg = Debug|Win32
		{13A19CA8-C017-4BC4-9CCC-06D4D7FDDBA6}.Debug|Win32.Build.0 = Debug|Win32
		{13A19CA8-C017-4BC4-9CCC-06D4D7FDDBA6}.Debug|x64.ActiveCfg = Debug|x64
		{13A19CA8-C017-4BC4-9CCC-06D4D7FDDBA6}.Debug|x64.Build.0 = Debug|x64
		{13A19CA8-C017-4BC4-9CCC-06D4D7FDDBA6}.Release|Mixed Platforms.ActiveCfg = Release|Win32
		{13A19CA8-C017-4BC4-9CCC-06D4D7FDDBA6}.Release|Mixed Platforms.Build.0 = Release|Win32
		{13A19CA8-C017-4BC4-9CCC-06D4D7FDDBA6}.Release|Win32.ActiveCfg = Release|Win32
		{13A19CA8-C017-4BC4-9CCC-06D4D7FDDBA6}.Release|Win32.Build.0 = Release|Win32
		{13A19CA8-C017-4BC4-9CCC-06D4D7FDDBA6}.Release|x64.ActiveCfg = Release|x64
		{13A19CA8-C017-4BC4-9CCC-06D4D7FDDBA6}.Release|x64.Build.0 = Release|x64
		{698F21B3-3E0D-4BE4-BF50-642648C8B1E9}.Debug|Mixed Platforms.ActiveCfg = Debug|Win32
		{698F21B3-3E0D-4BE4-BF50-642648C8B1E9}.Debug|Mixed Platforms.Build.0 = Debug|Win32
		{698F21B3-3E0D-4BE4-BF50-642648C8B1E9}.Debug|Win32.ActiveCfg = Debug|Win32
		{698F21B3-3E0D-4BE4-BF50-642648C8B1E9}.Debug|Win32.Build.0 = Debug|Win32
		{698F21B3-3E0D-4BE4-BF50-642648C8B1E9}.Debug|x64.ActiveCfg = Debug|x64
		{698F21B3-3E0D-4BE4-BF50-642648C8B1E9}.Debug|x64.Build.0 = Debug|x64
		{698F21B3-3E0D-4BE4-BF50-642648C8B1E9}.Release|Mixed Platforms.ActiveCfg = Release|Win32
		{698F21B3-3E0D-4BE4-BF50-642648C8B1E9}.Release|Mixed Platforms.Build.0 = Release|Win32
		{698F21B3-3E0D-4BE4-BF50-642648C8B1E9}.Release|Win32.ActiveCfg = Release|Win32
		{698F21B3-3E0D-4BE4-BF50-642648C8B1E9}.Release|Win32.Build.0 = Release|Win32
		{698F21B3-3E0D-4BE4-BF50-642648C8B1E9}.Release|x64.ActiveCfg = Release|x64
		{698F21B3-3E0D-4BE4-BF50-642648C8B1E9}.Release|x64.Build.0 = Release|x64
		{57903F5E-59F8-4955-8B19-C1323D614114}.Debug|Mixed Platforms.ActiveCfg = Debug|Win32
		{57903F5E-59F8-4955-8B19-C1323D614114}.Debug|Mixed Platforms.Build.0 = Debug|Win32
		{57903F5E-59F8-4955-8B19-C1323D614114}.Debug|Win32.ActiveCfg = Debug|Win32
		{57903F5E-59F8-4955-8B19-C1323D614114}.Debug|Win32.Build.0 = Debug|Win32
		{57903F5E-59F8-4955-8B19-C1323D614114}.Debug|x64.ActiveCfg = Debug|x64
		{57903F5E-59F8-4955-8B19-C1323D614114}.Debug|x64.Build.0 = Debug|x64
		{57903F5E-59F8-4955-8B19-C1323D614114}.Release|Mixed Platforms.ActiveCfg = Release|Win32
		{57903F5E-59F8-4955-8B19-C1323D614114}.Release|Mixed Platforms.Build.0 = Release|Win32
		{57903F5E-59F8-4955-8B19-C1323D614114}.Release|Win32.ActiveCfg = Release|Win32
		{57903F5E-59F8-4955-8B19-C1323D614114}.Release|Win32.Build.0 = Release|Win32
		{57903F5E-59F8-4955-8B19-C1323D614114}.Release|x64.ActiveCfg = Release|x64
		{57903F5E-59F8-4955-8B19-C1323D614114}.Release|x64.Build.0 = Release|x64
		{C1B99F0F-84EC-4B5B-8003-B89D7F964390}.Debug|Mixed Platforms.ActiveCfg = Debug|Win32
		{C1B99F0F-84EC-4B5B-8003-B89D7F964390}.Debug|Mixed Platforms.Build.0 = Debug|Win32
		{C1B99F0F-84EC-4B5B-8003-B89D7F964390}.Debug|Win32.ActiveCfg = Debug|Win32
		{C1B99F0F-84EC-4B5B-8003-B89D7F964390}.Debug|Win32.Build.0 = Debug|Win32
		{C1B99F0F-84EC-4B5B-8003-B89D7F964390}.Debug|x64.ActiveCfg = Debug|x64
		{C1B99F0F-84EC-4B5B-8003-B89D7F964390}.Debug|x64.Build.0 = Debug|x64
		{C1B99F0F-84EC-4B5B-8003-B89D7F964390}.Release|Mixed Platforms.ActiveCfg = Release|Win32
		{C1B99F0F-84EC-4B5B-8003-B89D7F964390}.Release|Mixed Platforms.Build.0 = Release|Win32
		{C1B99F0F-84EC-4B5B-8003-B89D7F964390}.Release|Win32.ActiveCfg = Release|Win32
		{C1B99F0F-84EC-4B5B-8003-B89D7F964390}.Release|Win32.Build.0 = Release|Win32
		{C1B99F0F-84EC-4B5B-8003-B89D7F964390}.Release|x64.ActiveCfg = Release|x64
		{C1B99F0F-84EC-4B5B-8003-B89D7F964390}.Release|x64.Build.0 = Release|x64
		{6E3203A4-8590-42C4-B25D-D2905F6C2E92}.Debug|Mixed Platforms.ActiveCfg = Debug|Win32
		{6E3203A4-8590-42C4-B25D-D2905F6C2E92}.Debug|Mixed Platforms.Build.0 = Debug|Win32
		{6E3203A4-8590-42C4-B25D-D2905F6C2E92}.Debug|Win32.ActiveCfg = Debug|Win32
		{6E3203A4-8590-42C4-B25D-D2905F6C2E92}.Debug|Win32.Build.0 = Debug|Win32
		{6E3203A4-8590-42C4-B25D-D2905F6C2E92}.Debug|x64.ActiveCfg = Debug|x64
		{6E3203A4-8590-42C4-B25D-D2905F6C2E92}.Debug|x64.Build.0 = Debug|x64
		{6E3203A4-8590-42C4-B25D-D2905F6C2E92}.Release|Mixed Platforms.ActiveCfg = Release|Win32
		{6E3203A4-8590-42C4-B25D-D2905F6C2E92}.Release|Mixed Platforms.Build.0 = Release|Win32
		{6E3203A4-8590-42C4-B25D-D2905F6C2E92}.Release|Win32.ActiveCfg = Release|Win32
		{6E3203A4-8590-42C4-B25D-D2905F6C2E92}.Release|Win32.Build.0 = Release|Win32
		{6E3203A4-8590-42C4-B25D-D2905F6C2E92}.Release|x64.ActiveCfg = Release|Win32
	EndGlobalSection
	GlobalSection(SolutionProperties) = preSolution
		HideSolutionNode = FALSE
	EndGlobalSection
EndGlobal
